// !$*UTF8*$!
{
	archiveVersion = 1;
	classes = {
	};
	objectVersion = 50;
	objects = {

/* Begin PBXBuildFile section */
		BDB1B90A23607C2F001F3529 /* AppDelegate.swift in Sources */ = {isa = PBXBuildFile; fileRef = BDB1B90923607C2F001F3529 /* AppDelegate.swift */; };
		BDB1B90C23607C2F001F3529 /* SceneDelegate.swift in Sources */ = {isa = PBXBuildFile; fileRef = BDB1B90B23607C2F001F3529 /* SceneDelegate.swift */; };
		BDB1B91123607C2F001F3529 /* Main.storyboard in Resources */ = {isa = PBXBuildFile; fileRef = BDB1B90F23607C2F001F3529 /* Main.storyboard */; };
		BDB1B91323607C2F001F3529 /* Assets.xcassets in Resources */ = {isa = PBXBuildFile; fileRef = BDB1B91223607C2F001F3529 /* Assets.xcassets */; };
		BDB1B91623607C2F001F3529 /* LaunchScreen.storyboard in Resources */ = {isa = PBXBuildFile; fileRef = BDB1B91423607C2F001F3529 /* LaunchScreen.storyboard */; };
		BDBC58AE237040AF00F7E535 /* AppTabBarController.swift in Sources */ = {isa = PBXBuildFile; fileRef = BDBC58AD237040AF00F7E535 /* AppTabBarController.swift */; };
		BDBC58B0237040D400F7E535 /* UIViewController+Instantiate.swift in Sources */ = {isa = PBXBuildFile; fileRef = BDBC58AF237040D400F7E535 /* UIViewController+Instantiate.swift */; };
		BDBC58B22370416E00F7E535 /* Coordinator.swift in Sources */ = {isa = PBXBuildFile; fileRef = BDBC58B12370416E00F7E535 /* Coordinator.swift */; };
		BDBC58B4237041BC00F7E535 /* UseCase.swift in Sources */ = {isa = PBXBuildFile; fileRef = BDBC58B3237041BC00F7E535 /* UseCase.swift */; };
		BDBC58B92370424900F7E535 /* UseCaseCell.swift in Sources */ = {isa = PBXBuildFile; fileRef = BDBC58B82370424900F7E535 /* UseCaseCell.swift */; };
		BDBC58BB2370425C00F7E535 /* UseCasesTabCoordinator.swift in Sources */ = {isa = PBXBuildFile; fileRef = BDBC58BA2370425C00F7E535 /* UseCasesTabCoordinator.swift */; };
		BDBC58BD2370426F00F7E535 /* UseCasesViewController.swift in Sources */ = {isa = PBXBuildFile; fileRef = BDBC58BC2370426F00F7E535 /* UseCasesViewController.swift */; };
		BDBC58BF2370428700F7E535 /* UseCasesViewController+CollectionView.swift in Sources */ = {isa = PBXBuildFile; fileRef = BDBC58BE2370428700F7E535 /* UseCasesViewController+CollectionView.swift */; };
		BDBC58C12370431500F7E535 /* ComparisonTabCoordinator.swift in Sources */ = {isa = PBXBuildFile; fileRef = BDBC58C02370431500F7E535 /* ComparisonTabCoordinator.swift */; };
		BDBC58C32370433300F7E535 /* ComparisonViewController.swift in Sources */ = {isa = PBXBuildFile; fileRef = BDBC58C22370433300F7E535 /* ComparisonViewController.swift */; };
		BDBC58C52370438700F7E535 /* AboutTabCoordinator.swift in Sources */ = {isa = PBXBuildFile; fileRef = BDBC58C42370438700F7E535 /* AboutTabCoordinator.swift */; };
		BDBC58C72370439400F7E535 /* AboutViewController.swift in Sources */ = {isa = PBXBuildFile; fileRef = BDBC58C62370439400F7E535 /* AboutViewController.swift */; };
		BDBC58C92370450B00F7E535 /* SettingsViewController.swift in Sources */ = {isa = PBXBuildFile; fileRef = BDBC58C82370450B00F7E535 /* SettingsViewController.swift */; };
		BDBC58D223704F2800F7E535 /* Localizable.strings in Resources */ = {isa = PBXBuildFile; fileRef = BDBC58D423704F2800F7E535 /* Localizable.strings */; };
		BDBC58D823706C8A00F7E535 /* SharedSettings.framework in Frameworks */ = {isa = PBXBuildFile; fileRef = BDBC58D723706C8A00F7E535 /* SharedSettings.framework */; };
		BDBC58D923706C8A00F7E535 /* SharedSettings.framework in Embed Frameworks */ = {isa = PBXBuildFile; fileRef = BDBC58D723706C8A00F7E535 /* SharedSettings.framework */; settings = {ATTRIBUTES = (CodeSignOnCopy, RemoveHeadersOnCopy, ); }; };
		BDFE596D2371DFE2002A1F94 /* NasaViewController.swift in Sources */ = {isa = PBXBuildFile; fileRef = BDFE596C2371DFE2002A1F94 /* NasaViewController.swift */; };
		BDFE596F2371DFEF002A1F94 /* Nasa.storyboard in Resources */ = {isa = PBXBuildFile; fileRef = BDFE596E2371DFEF002A1F94 /* Nasa.storyboard */; };
		BDFE59742371E56D002A1F94 /* SharedNasa.framework in Frameworks */ = {isa = PBXBuildFile; fileRef = BDFE59732371E56D002A1F94 /* SharedNasa.framework */; };
		BDFE59752371E56D002A1F94 /* SharedNasa.framework in Embed Frameworks */ = {isa = PBXBuildFile; fileRef = BDFE59732371E56D002A1F94 /* SharedNasa.framework */; settings = {ATTRIBUTES = (CodeSignOnCopy, RemoveHeadersOnCopy, ); }; };
/* End PBXBuildFile section */

/* Begin PBXCopyFilesBuildPhase section */
		BDBC58DA23706C8A00F7E535 /* Embed Frameworks */ = {
			isa = PBXCopyFilesBuildPhase;
			buildActionMask = 2147483647;
			dstPath = "";
			dstSubfolderSpec = 10;
			files = (
				BDFE59752371E56D002A1F94 /* SharedNasa.framework in Embed Frameworks */,
				BDBC58D923706C8A00F7E535 /* SharedSettings.framework in Embed Frameworks */,
			);
			name = "Embed Frameworks";
			runOnlyForDeploymentPostprocessing = 0;
		};
/* End PBXCopyFilesBuildPhase section */

/* Begin PBXFileReference section */
		BDB1B90623607C2F001F3529 /* Playground.app */ = {isa = PBXFileReference; explicitFileType = wrapper.application; includeInIndex = 0; path = Playground.app; sourceTree = BUILT_PRODUCTS_DIR; };
		BDB1B90923607C2F001F3529 /* AppDelegate.swift */ = {isa = PBXFileReference; lastKnownFileType = sourcecode.swift; path = AppDelegate.swift; sourceTree = "<group>"; };
		BDB1B90B23607C2F001F3529 /* SceneDelegate.swift */ = {isa = PBXFileReference; lastKnownFileType = sourcecode.swift; path = SceneDelegate.swift; sourceTree = "<group>"; };
		BDB1B91023607C2F001F3529 /* Base */ = {isa = PBXFileReference; lastKnownFileType = file.storyboard; name = Base; path = Base.lproj/Main.storyboard; sourceTree = "<group>"; };
		BDB1B91223607C2F001F3529 /* Assets.xcassets */ = {isa = PBXFileReference; lastKnownFileType = folder.assetcatalog; path = Assets.xcassets; sourceTree = "<group>"; };
		BDB1B91523607C2F001F3529 /* Base */ = {isa = PBXFileReference; lastKnownFileType = file.storyboard; name = Base; path = Base.lproj/LaunchScreen.storyboard; sourceTree = "<group>"; };
		BDB1B91723607C2F001F3529 /* Info.plist */ = {isa = PBXFileReference; lastKnownFileType = text.plist.xml; path = Info.plist; sourceTree = "<group>"; };
		BDBC58AD237040AF00F7E535 /* AppTabBarController.swift */ = {isa = PBXFileReference; lastKnownFileType = sourcecode.swift; path = AppTabBarController.swift; sourceTree = "<group>"; };
		BDBC58AF237040D400F7E535 /* UIViewController+Instantiate.swift */ = {isa = PBXFileReference; lastKnownFileType = sourcecode.swift; path = "UIViewController+Instantiate.swift"; sourceTree = "<group>"; };
		BDBC58B12370416E00F7E535 /* Coordinator.swift */ = {isa = PBXFileReference; lastKnownFileType = sourcecode.swift; path = Coordinator.swift; sourceTree = "<group>"; };
		BDBC58B3237041BC00F7E535 /* UseCase.swift */ = {isa = PBXFileReference; lastKnownFileType = sourcecode.swift; path = UseCase.swift; sourceTree = "<group>"; };
		BDBC58B82370424900F7E535 /* UseCaseCell.swift */ = {isa = PBXFileReference; lastKnownFileType = sourcecode.swift; path = UseCaseCell.swift; sourceTree = "<group>"; };
		BDBC58BA2370425C00F7E535 /* UseCasesTabCoordinator.swift */ = {isa = PBXFileReference; lastKnownFileType = sourcecode.swift; path = UseCasesTabCoordinator.swift; sourceTree = "<group>"; };
		BDBC58BC2370426F00F7E535 /* UseCasesViewController.swift */ = {isa = PBXFileReference; lastKnownFileType = sourcecode.swift; path = UseCasesViewController.swift; sourceTree = "<group>"; };
		BDBC58BE2370428700F7E535 /* UseCasesViewController+CollectionView.swift */ = {isa = PBXFileReference; lastKnownFileType = sourcecode.swift; path = "UseCasesViewController+CollectionView.swift"; sourceTree = "<group>"; };
		BDBC58C02370431500F7E535 /* ComparisonTabCoordinator.swift */ = {isa = PBXFileReference; lastKnownFileType = sourcecode.swift; path = ComparisonTabCoordinator.swift; sourceTree = "<group>"; };
		BDBC58C22370433300F7E535 /* ComparisonViewController.swift */ = {isa = PBXFileReference; lastKnownFileType = sourcecode.swift; path = ComparisonViewController.swift; sourceTree = "<group>"; };
		BDBC58C42370438700F7E535 /* AboutTabCoordinator.swift */ = {isa = PBXFileReference; lastKnownFileType = sourcecode.swift; path = AboutTabCoordinator.swift; sourceTree = "<group>"; };
		BDBC58C62370439400F7E535 /* AboutViewController.swift */ = {isa = PBXFileReference; lastKnownFileType = sourcecode.swift; path = AboutViewController.swift; sourceTree = "<group>"; };
		BDBC58C82370450B00F7E535 /* SettingsViewController.swift */ = {isa = PBXFileReference; lastKnownFileType = sourcecode.swift; name = SettingsViewController.swift; path = Playground/UseCases/Settings/SettingsViewController.swift; sourceTree = SOURCE_ROOT; };
		BDBC58CC23704E8800F7E535 /* en-GB */ = {isa = PBXFileReference; lastKnownFileType = text.plist.strings; name = "en-GB"; path = "en-GB.lproj/LaunchScreen.strings"; sourceTree = "<group>"; };
		BDBC58CD23704E8800F7E535 /* en-GB */ = {isa = PBXFileReference; lastKnownFileType = text.plist.strings; name = "en-GB"; path = "en-GB.lproj/Main.strings"; sourceTree = "<group>"; };
		BDBC58D023704ED900F7E535 /* de */ = {isa = PBXFileReference; lastKnownFileType = text.plist.strings; name = de; path = de.lproj/LaunchScreen.strings; sourceTree = "<group>"; };
		BDBC58D123704ED900F7E535 /* de */ = {isa = PBXFileReference; lastKnownFileType = text.plist.strings; name = de; path = de.lproj/Main.strings; sourceTree = "<group>"; };
		BDBC58D323704F2800F7E535 /* en */ = {isa = PBXFileReference; lastKnownFileType = text.plist.strings; name = en; path = en.lproj/Localizable.strings; sourceTree = "<group>"; };
		BDBC58D523704F3000F7E535 /* de */ = {isa = PBXFileReference; lastKnownFileType = text.plist.strings; name = de; path = de.lproj/Localizable.strings; sourceTree = "<group>"; };
		BDBC58D723706C8A00F7E535 /* SharedSettings.framework */ = {isa = PBXFileReference; lastKnownFileType = wrapper.framework; name = SharedSettings.framework; path = "../shared/sharedsettings/build/xcode-frameworks/SharedSettings.framework"; sourceTree = "<group>"; };
		BDFE596C2371DFE2002A1F94 /* NasaViewController.swift */ = {isa = PBXFileReference; lastKnownFileType = sourcecode.swift; path = NasaViewController.swift; sourceTree = "<group>"; };
		BDFE596E2371DFEF002A1F94 /* Nasa.storyboard */ = {isa = PBXFileReference; lastKnownFileType = file.storyboard; path = Nasa.storyboard; sourceTree = "<group>"; };
		BDFE59702371E300002A1F94 /* SharedCodeNasa.framework */ = {isa = PBXFileReference; lastKnownFileType = wrapper.framework; name = SharedCodeNasa.framework; path = "../shared/sharednasa/build/xcode-frameworks/SharedCodeNasa.framework"; sourceTree = "<group>"; };
		BDFE59732371E56D002A1F94 /* SharedNasa.framework */ = {isa = PBXFileReference; lastKnownFileType = wrapper.framework; name = SharedNasa.framework; path = "../shared/sharednasa/build/xcode-frameworks/SharedNasa.framework"; sourceTree = "<group>"; };
/* End PBXFileReference section */

/* Begin PBXFrameworksBuildPhase section */
		BDB1B90323607C2F001F3529 /* Frameworks */ = {
			isa = PBXFrameworksBuildPhase;
			buildActionMask = 2147483647;
			files = (
				BDFE59742371E56D002A1F94 /* SharedNasa.framework in Frameworks */,
				BDBC58D823706C8A00F7E535 /* SharedSettings.framework in Frameworks */,
			);
			runOnlyForDeploymentPostprocessing = 0;
		};
/* End PBXFrameworksBuildPhase section */

/* Begin PBXGroup section */
		BD90F7FF236B1CF90055D773 /* Resources */ = {
			isa = PBXGroup;
			children = (
				BDB1B91223607C2F001F3529 /* Assets.xcassets */,
				BDBC58D423704F2800F7E535 /* Localizable.strings */,
			);
			path = Resources;
			sourceTree = "<group>";
		};
		BD90F80C236B446F0055D773 /* App */ = {
			isa = PBXGroup;
			children = (
				BDB1B90923607C2F001F3529 /* AppDelegate.swift */,
				BDB1B90B23607C2F001F3529 /* SceneDelegate.swift */,
				BDBC58AD237040AF00F7E535 /* AppTabBarController.swift */,
				BDBC58AF237040D400F7E535 /* UIViewController+Instantiate.swift */,
			);
			path = App;
			sourceTree = "<group>";
		};
		BDB1B8FD23607C2F001F3529 = {
			isa = PBXGroup;
			children = (
				BDB1B90823607C2F001F3529 /* Playground */,
				BDB1B90723607C2F001F3529 /* Products */,
				BDBC58D623706C8A00F7E535 /* Frameworks */,
			);
			sourceTree = "<group>";
		};
		BDB1B90723607C2F001F3529 /* Products */ = {
			isa = PBXGroup;
			children = (
				BDB1B90623607C2F001F3529 /* Playground.app */,
			);
			name = Products;
			sourceTree = "<group>";
		};
		BDB1B90823607C2F001F3529 /* Playground */ = {
			isa = PBXGroup;
			children = (
				BD90F80C236B446F0055D773 /* App */,
				BDBC58AB23703F6500F7E535 /* Models */,
				BDBC58AA23703F5700F7E535 /* Coordinator */,
				BDBC58AC23703F7300F7E535 /* Screens */,
				BD90F7FF236B1CF90055D773 /* Resources */,
				BDFE5968237191CA002A1F94 /* UseCases */,
				BDB1B91723607C2F001F3529 /* Info.plist */,
			);
			path = Playground;
			sourceTree = "<group>";
		};
		BDBC58AA23703F5700F7E535 /* Coordinator */ = {
			isa = PBXGroup;
			children = (
				BDBC58B12370416E00F7E535 /* Coordinator.swift */,
			);
			path = Coordinator;
			sourceTree = "<group>";
		};
		BDBC58AB23703F6500F7E535 /* Models */ = {
			isa = PBXGroup;
			children = (
				BDBC58B3237041BC00F7E535 /* UseCase.swift */,
			);
			path = Models;
			sourceTree = "<group>";
		};
		BDBC58AC23703F7300F7E535 /* Screens */ = {
			isa = PBXGroup;
			children = (
				BDB1B91423607C2F001F3529 /* LaunchScreen.storyboard */,
				BDB1B90F23607C2F001F3529 /* Main.storyboard */,
				BDBC58B72370421100F7E535 /* Usecases */,
				BDBC58B62370420700F7E535 /* Comparison */,
				BDBC58B52370420000F7E535 /* About */,
			);
			path = Screens;
			sourceTree = "<group>";
		};
		BDBC58B52370420000F7E535 /* About */ = {
			isa = PBXGroup;
			children = (
				BDBC58C42370438700F7E535 /* AboutTabCoordinator.swift */,
				BDBC58C62370439400F7E535 /* AboutViewController.swift */,
			);
			path = About;
			sourceTree = "<group>";
		};
		BDBC58B62370420700F7E535 /* Comparison */ = {
			isa = PBXGroup;
			children = (
				BDBC58C02370431500F7E535 /* ComparisonTabCoordinator.swift */,
				BDBC58C22370433300F7E535 /* ComparisonViewController.swift */,
			);
			path = Comparison;
			sourceTree = "<group>";
		};
		BDBC58B72370421100F7E535 /* Usecases */ = {
			isa = PBXGroup;
			children = (
				BDBC58B82370424900F7E535 /* UseCaseCell.swift */,
				BDBC58BA2370425C00F7E535 /* UseCasesTabCoordinator.swift */,
				BDBC58BC2370426F00F7E535 /* UseCasesViewController.swift */,
				BDBC58BE2370428700F7E535 /* UseCasesViewController+CollectionView.swift */,
			);
			path = Usecases;
			sourceTree = "<group>";
		};
		BDBC58D623706C8A00F7E535 /* Frameworks */ = {
			isa = PBXGroup;
			children = (
				BDFE59732371E56D002A1F94 /* SharedNasa.framework */,
				BDFE59702371E300002A1F94 /* SharedCodeNasa.framework */,
				BDBC58D723706C8A00F7E535 /* SharedSettings.framework */,
			);
			name = Frameworks;
			sourceTree = "<group>";
		};
		BDFE5968237191CA002A1F94 /* UseCases */ = {
			isa = PBXGroup;
			children = (
				BDFE596B2371921B002A1F94 /* Settings */,
				BDFE596A23719215002A1F94 /* Nasa */,
				BDFE59692371920C002A1F94 /* Pixelsort */,
			);
			path = UseCases;
			sourceTree = "<group>";
		};
		BDFE59692371920C002A1F94 /* Pixelsort */ = {
			isa = PBXGroup;
			children = (
			);
			path = Pixelsort;
			sourceTree = "<group>";
		};
		BDFE596A23719215002A1F94 /* Nasa */ = {
			isa = PBXGroup;
			children = (
				BDFE596C2371DFE2002A1F94 /* NasaViewController.swift */,
				BDFE596E2371DFEF002A1F94 /* Nasa.storyboard */,
			);
			path = Nasa;
			sourceTree = "<group>";
		};
		BDFE596B2371921B002A1F94 /* Settings */ = {
			isa = PBXGroup;
			children = (
				BDBC58C82370450B00F7E535 /* SettingsViewController.swift */,
			);
			path = Settings;
			sourceTree = "<group>";
		};
/* End PBXGroup section */

/* Begin PBXNativeTarget section */
		BDB1B90523607C2F001F3529 /* Playground */ = {
			isa = PBXNativeTarget;
			buildConfigurationList = BDB1B91A23607C2F001F3529 /* Build configuration list for PBXNativeTarget "Playground" */;
			buildPhases = (
				BDBC58DB23706E0100F7E535 /* ShellScript */,
				BDB1B90223607C2F001F3529 /* Sources */,
				BDB1B90323607C2F001F3529 /* Frameworks */,
				BDB1B90423607C2F001F3529 /* Resources */,
				BDBC58DA23706C8A00F7E535 /* Embed Frameworks */,
			);
			buildRules = (
			);
			dependencies = (
			);
			name = Playground;
			productName = Playground;
			productReference = BDB1B90623607C2F001F3529 /* Playground.app */;
			productType = "com.apple.product-type.application";
		};
/* End PBXNativeTarget section */

/* Begin PBXProject section */
		BDB1B8FE23607C2F001F3529 /* Project object */ = {
			isa = PBXProject;
			attributes = {
				LastSwiftUpdateCheck = 1110;
				LastUpgradeCheck = 1110;
				ORGANIZATIONNAME = "appcom interactive GmbH";
				TargetAttributes = {
					BDB1B90523607C2F001F3529 = {
						CreatedOnToolsVersion = 11.1;
					};
				};
			};
			buildConfigurationList = BDB1B90123607C2F001F3529 /* Build configuration list for PBXProject "Playground" */;
			compatibilityVersion = "Xcode 9.3";
			developmentRegion = en;
			hasScannedForEncodings = 0;
			knownRegions = (
				en,
				Base,
				"en-GB",
				de,
			);
			mainGroup = BDB1B8FD23607C2F001F3529;
			productRefGroup = BDB1B90723607C2F001F3529 /* Products */;
			projectDirPath = "";
			projectRoot = "";
			targets = (
				BDB1B90523607C2F001F3529 /* Playground */,
			);
		};
/* End PBXProject section */

/* Begin PBXResourcesBuildPhase section */
		BDB1B90423607C2F001F3529 /* Resources */ = {
			isa = PBXResourcesBuildPhase;
			buildActionMask = 2147483647;
			files = (
				BDBC58D223704F2800F7E535 /* Localizable.strings in Resources */,
				BDB1B91623607C2F001F3529 /* LaunchScreen.storyboard in Resources */,
				BDB1B91323607C2F001F3529 /* Assets.xcassets in Resources */,
				BDFE596F2371DFEF002A1F94 /* Nasa.storyboard in Resources */,
				BDB1B91123607C2F001F3529 /* Main.storyboard in Resources */,
			);
			runOnlyForDeploymentPostprocessing = 0;
		};
/* End PBXResourcesBuildPhase section */

/* Begin PBXShellScriptBuildPhase section */
		BDBC58DB23706E0100F7E535 /* ShellScript */ = {
			isa = PBXShellScriptBuildPhase;
			buildActionMask = 2147483647;
			files = (
			);
			inputFileListPaths = (
			);
			inputPaths = (
			);
			outputFileListPaths = (
			);
			outputPaths = (
			);
			runOnlyForDeploymentPostprocessing = 0;
			shellPath = /bin/sh;
			shellScript = "# Type a script or drag a script file from your workspace to insert its path.\ncd \"$SRCROOT/../shared/sharedsettings/build/xcode-frameworks\"\n./gradlew :sharedsettings:packForXCodeSettings -PXCODE_CONFIGURATION=${CONFIGURATION}\ncd \"$SRCROOT/../shared/sharednasa/build/xcode-frameworks\"\n./gradlew :sharednasa:packForXCodeNasa -PXCODE_CONFIGURATION=${CONFIGURATION}\n\n";
		};
/* End PBXShellScriptBuildPhase section */

/* Begin PBXSourcesBuildPhase section */
		BDB1B90223607C2F001F3529 /* Sources */ = {
			isa = PBXSourcesBuildPhase;
			buildActionMask = 2147483647;
			files = (
				BDBC58BD2370426F00F7E535 /* UseCasesViewController.swift in Sources */,
				BDBC58B0237040D400F7E535 /* UIViewController+Instantiate.swift in Sources */,
				BDBC58C72370439400F7E535 /* AboutViewController.swift in Sources */,
				BDBC58C12370431500F7E535 /* ComparisonTabCoordinator.swift in Sources */,
				BDBC58B22370416E00F7E535 /* Coordinator.swift in Sources */,
				BDFE596D2371DFE2002A1F94 /* NasaViewController.swift in Sources */,
				BDBC58AE237040AF00F7E535 /* AppTabBarController.swift in Sources */,
				BDBC58C92370450B00F7E535 /* SettingsViewController.swift in Sources */,
				BDBC58B4237041BC00F7E535 /* UseCase.swift in Sources */,
				BDBC58C32370433300F7E535 /* ComparisonViewController.swift in Sources */,
				BDBC58C52370438700F7E535 /* AboutTabCoordinator.swift in Sources */,
				BDBC58B92370424900F7E535 /* UseCaseCell.swift in Sources */,
				BDB1B90A23607C2F001F3529 /* AppDelegate.swift in Sources */,
				BDBC58BB2370425C00F7E535 /* UseCasesTabCoordinator.swift in Sources */,
				BDBC58BF2370428700F7E535 /* UseCasesViewController+CollectionView.swift in Sources */,
				BDB1B90C23607C2F001F3529 /* SceneDelegate.swift in Sources */,
			);
			runOnlyForDeploymentPostprocessing = 0;
		};
/* End PBXSourcesBuildPhase section */

/* Begin PBXVariantGroup section */
		BDB1B90F23607C2F001F3529 /* Main.storyboard */ = {
			isa = PBXVariantGroup;
			children = (
				BDB1B91023607C2F001F3529 /* Base */,
				BDBC58CD23704E8800F7E535 /* en-GB */,
				BDBC58D123704ED900F7E535 /* de */,
			);
			name = Main.storyboard;
			sourceTree = "<group>";
		};
		BDB1B91423607C2F001F3529 /* LaunchScreen.storyboard */ = {
			isa = PBXVariantGroup;
			children = (
				BDB1B91523607C2F001F3529 /* Base */,
				BDBC58CC23704E8800F7E535 /* en-GB */,
				BDBC58D023704ED900F7E535 /* de */,
			);
			name = LaunchScreen.storyboard;
			sourceTree = "<group>";
		};
		BDBC58D423704F2800F7E535 /* Localizable.strings */ = {
			isa = PBXVariantGroup;
			children = (
				BDBC58D323704F2800F7E535 /* en */,
				BDBC58D523704F3000F7E535 /* de */,
			);
			name = Localizable.strings;
			sourceTree = "<group>";
		};
/* End PBXVariantGroup section */

/* Begin XCBuildConfiguration section */
		BDB1B91823607C2F001F3529 /* Debug */ = {
			isa = XCBuildConfiguration;
			buildSettings = {
				ALWAYS_SEARCH_USER_PATHS = NO;
				CLANG_ANALYZER_LOCALIZABILITY_NONLOCALIZED = YES;
				CLANG_ANALYZER_NONNULL = YES;
				CLANG_ANALYZER_NUMBER_OBJECT_CONVERSION = YES_AGGRESSIVE;
				CLANG_CXX_LANGUAGE_STANDARD = "gnu++14";
				CLANG_CXX_LIBRARY = "libc++";
				CLANG_ENABLE_MODULES = YES;
				CLANG_ENABLE_OBJC_ARC = YES;
				CLANG_ENABLE_OBJC_WEAK = YES;
				CLANG_WARN_BLOCK_CAPTURE_AUTORELEASING = YES;
				CLANG_WARN_BOOL_CONVERSION = YES;
				CLANG_WARN_COMMA = YES;
				CLANG_WARN_CONSTANT_CONVERSION = YES;
				CLANG_WARN_DEPRECATED_OBJC_IMPLEMENTATIONS = YES;
				CLANG_WARN_DIRECT_OBJC_ISA_USAGE = YES_ERROR;
				CLANG_WARN_DOCUMENTATION_COMMENTS = YES;
				CLANG_WARN_EMPTY_BODY = YES;
				CLANG_WARN_ENUM_CONVERSION = YES;
				CLANG_WARN_INFINITE_RECURSION = YES;
				CLANG_WARN_INT_CONVERSION = YES;
				CLANG_WARN_NON_LITERAL_NULL_CONVERSION = YES;
				CLANG_WARN_OBJC_IMPLICIT_RETAIN_SELF = YES;
				CLANG_WARN_OBJC_LITERAL_CONVERSION = YES;
				CLANG_WARN_OBJC_ROOT_CLASS = YES_ERROR;
				CLANG_WARN_RANGE_LOOP_ANALYSIS = YES;
				CLANG_WARN_STRICT_PROTOTYPES = YES;
				CLANG_WARN_SUSPICIOUS_MOVE = YES;
				CLANG_WARN_UNGUARDED_AVAILABILITY = YES_AGGRESSIVE;
				CLANG_WARN_UNREACHABLE_CODE = YES;
				CLANG_WARN__DUPLICATE_METHOD_MATCH = YES;
				COPY_PHASE_STRIP = NO;
				DEBUG_INFORMATION_FORMAT = dwarf;
				ENABLE_STRICT_OBJC_MSGSEND = YES;
				ENABLE_TESTABILITY = YES;
				FRAMEWORK_SEARCH_PATHS = (
					"$(SRCROOT)/../shared/sharedsettings/build/xcode-frameworks",
					"$(SRCROOT)/../shared/sharednasa/build/xcode-frameworks",
				);
				GCC_C_LANGUAGE_STANDARD = gnu11;
				GCC_DYNAMIC_NO_PIC = NO;
				GCC_NO_COMMON_BLOCKS = YES;
				GCC_OPTIMIZATION_LEVEL = 0;
				GCC_PREPROCESSOR_DEFINITIONS = (
					"DEBUG=1",
					"$(inherited)",
				);
				GCC_WARN_64_TO_32_BIT_CONVERSION = YES;
				GCC_WARN_ABOUT_RETURN_TYPE = YES_ERROR;
				GCC_WARN_UNDECLARED_SELECTOR = YES;
				GCC_WARN_UNINITIALIZED_AUTOS = YES_AGGRESSIVE;
				GCC_WARN_UNUSED_FUNCTION = YES;
				GCC_WARN_UNUSED_VARIABLE = YES;
				IPHONEOS_DEPLOYMENT_TARGET = 13.1;
				MTL_ENABLE_DEBUG_INFO = INCLUDE_SOURCE;
				MTL_FAST_MATH = YES;
				ONLY_ACTIVE_ARCH = YES;
				SDKROOT = iphoneos;
				SWIFT_ACTIVE_COMPILATION_CONDITIONS = DEBUG;
				SWIFT_OPTIMIZATION_LEVEL = "-Onone";
			};
			name = Debug;
		};
		BDB1B91923607C2F001F3529 /* Release */ = {
			isa = XCBuildConfiguration;
			buildSettings = {
				ALWAYS_SEARCH_USER_PATHS = NO;
				CLANG_ANALYZER_LOCALIZABILITY_NONLOCALIZED = YES;
				CLANG_ANALYZER_NONNULL = YES;
				CLANG_ANALYZER_NUMBER_OBJECT_CONVERSION = YES_AGGRESSIVE;
				CLANG_CXX_LANGUAGE_STANDARD = "gnu++14";
				CLANG_CXX_LIBRARY = "libc++";
				CLANG_ENABLE_MODULES = YES;
				CLANG_ENABLE_OBJC_ARC = YES;
				CLANG_ENABLE_OBJC_WEAK = YES;
				CLANG_WARN_BLOCK_CAPTURE_AUTORELEASING = YES;
				CLANG_WARN_BOOL_CONVERSION = YES;
				CLANG_WARN_COMMA = YES;
				CLANG_WARN_CONSTANT_CONVERSION = YES;
				CLANG_WARN_DEPRECATED_OBJC_IMPLEMENTATIONS = YES;
				CLANG_WARN_DIRECT_OBJC_ISA_USAGE = YES_ERROR;
				CLANG_WARN_DOCUMENTATION_COMMENTS = YES;
				CLANG_WARN_EMPTY_BODY = YES;
				CLANG_WARN_ENUM_CONVERSION = YES;
				CLANG_WARN_INFINITE_RECURSION = YES;
				CLANG_WARN_INT_CONVERSION = YES;
				CLANG_WARN_NON_LITERAL_NULL_CONVERSION = YES;
				CLANG_WARN_OBJC_IMPLICIT_RETAIN_SELF = YES;
				CLANG_WARN_OBJC_LITERAL_CONVERSION = YES;
				CLANG_WARN_OBJC_ROOT_CLASS = YES_ERROR;
				CLANG_WARN_RANGE_LOOP_ANALYSIS = YES;
				CLANG_WARN_STRICT_PROTOTYPES = YES;
				CLANG_WARN_SUSPICIOUS_MOVE = YES;
				CLANG_WARN_UNGUARDED_AVAILABILITY = YES_AGGRESSIVE;
				CLANG_WARN_UNREACHABLE_CODE = YES;
				CLANG_WARN__DUPLICATE_METHOD_MATCH = YES;
				COPY_PHASE_STRIP = NO;
				DEBUG_INFORMATION_FORMAT = "dwarf-with-dsym";
				ENABLE_NS_ASSERTIONS = NO;
				ENABLE_STRICT_OBJC_MSGSEND = YES;
				FRAMEWORK_SEARCH_PATHS = (
					"$(SRCROOT)/../shared/sharedsettings/build/xcode-frameworks",
					"$(SRCROOT)/../shared/sharednasa/build/xcode-frameworks",
				);
				GCC_C_LANGUAGE_STANDARD = gnu11;
				GCC_NO_COMMON_BLOCKS = YES;
				GCC_WARN_64_TO_32_BIT_CONVERSION = YES;
				GCC_WARN_ABOUT_RETURN_TYPE = YES_ERROR;
				GCC_WARN_UNDECLARED_SELECTOR = YES;
				GCC_WARN_UNINITIALIZED_AUTOS = YES_AGGRESSIVE;
				GCC_WARN_UNUSED_FUNCTION = YES;
				GCC_WARN_UNUSED_VARIABLE = YES;
				IPHONEOS_DEPLOYMENT_TARGET = 13.1;
				MTL_ENABLE_DEBUG_INFO = NO;
				MTL_FAST_MATH = YES;
				SDKROOT = iphoneos;
				SWIFT_COMPILATION_MODE = wholemodule;
				SWIFT_OPTIMIZATION_LEVEL = "-O";
				VALIDATE_PRODUCT = YES;
			};
			name = Release;
		};
		BDB1B91B23607C2F001F3529 /* Debug */ = {
			isa = XCBuildConfiguration;
			buildSettings = {
				ASSETCATALOG_COMPILER_APPICON_NAME = AppIcon;
				CODE_SIGN_STYLE = Automatic;
				INFOPLIST_FILE = Playground/Info.plist;
				LD_RUNPATH_SEARCH_PATHS = (
					"$(inherited)",
					"@executable_path/Frameworks",
				);
				PRODUCT_BUNDLE_IDENTIFIER = de.appcom.Playground;
				PRODUCT_NAME = "$(TARGET_NAME)";
				SWIFT_VERSION = 5.0;
				TARGETED_DEVICE_FAMILY = "1,2";
			};
			name = Debug;
		};
		BDB1B91C23607C2F001F3529 /* Release */ = {
			isa = XCBuildConfiguration;
			buildSettings = {
				ASSETCATALOG_COMPILER_APPICON_NAME = AppIcon;
				CODE_SIGN_STYLE = Automatic;
				INFOPLIST_FILE = Playground/Info.plist;
				LD_RUNPATH_SEARCH_PATHS = (
					"$(inherited)",
					"@executable_path/Frameworks",
				);
				PRODUCT_BUNDLE_IDENTIFIER = de.appcom.Playground;
				PRODUCT_NAME = "$(TARGET_NAME)";
				SWIFT_VERSION = 5.0;
				TARGETED_DEVICE_FAMILY = "1,2";
			};
			name = Release;
		};
/* End XCBuildConfiguration section */

/* Begin XCConfigurationList section */
		BDB1B90123607C2F001F3529 /* Build configuration list for PBXProject "Playground" */ = {
			isa = XCConfigurationList;
			buildConfigurations = (
				BDB1B91823607C2F001F3529 /* Debug */,
				BDB1B91923607C2F001F3529 /* Release */,
			);
			defaultConfigurationIsVisible = 0;
			defaultConfigurationName = Release;
		};
		BDB1B91A23607C2F001F3529 /* Build configuration list for PBXNativeTarget "Playground" */ = {
			isa = XCConfigurationList;
			buildConfigurations = (
				BDB1B91B23607C2F001F3529 /* Debug */,
				BDB1B91C23607C2F001F3529 /* Release */,
			);
			defaultConfigurationIsVisible = 0;
			defaultConfigurationName = Release;
		};
/* End XCConfigurationList section */
	};
	rootObject = BDB1B8FE23607C2F001F3529 /* Project object */;
}
